
Microsoft Visual Studio Solution File, Format Version 12.00
# Visual Studio Version 17
VisualStudioVersion = 17.5.33414.496
MinimumVisualStudioVersion = 10.0.40219.1
Project("{8BC9CEB8-8B4A-11D0-8D11-00A0C91BC942}") = "BACKLOG1", "BACKLOG1\BACKLOG1.vcxproj", "{726AA002-A469-4DC9-9FD3-EDEB4921987F}"
EndProject
Global
	GlobalSection(SolutionConfigurationPlatforms) = preSolution
		Debug|x64 = Debug|x64
		Debug|x86 = Debug|x86
		Release|x64 = Release|x64
		Release|x86 = Release|x86
	EndGlobalSection
	GlobalSection(ProjectConfigurationPlatforms) = postSolution
		{726AA002-A469-4DC9-9FD3-EDEB4921987F}.Debug|x64.ActiveCfg = Debug|x64
		{726AA002-A469-4DC9-9FD3-EDEB4921987F}.Debug|x64.Build.0 = Debug|x64
		{726AA002-A469-4DC9-9FD3-EDEB4921987F}.Debug|x86.ActiveCfg = Debug|Win32
		{726AA002-A469-4DC9-9FD3-EDEB4921987F}.Debug|x86.Build.0 = Debug|Win32
		{726AA002-A469-4DC9-9FD3-EDEB4921987F}.Release|x64.ActiveCfg = Release|x64
		{726AA002-A469-4DC9-9FD3-EDEB4921987F}.Release|x64.Build.0 = Release|x64
		{726AA002-A469-4DC9-9FD3-EDEB4921987F}.Release|x86.ActiveCfg = Release|Win32
		{726AA002-A469-4DC9-9FD3-EDEB4921987F}.Release|x86.Build.0 = Release|Win32
	EndGlobalSection
	GlobalSection(SolutionProperties) = preSolution
		HideSolutionNode = FALSE
	EndGlobalSection
	GlobalSection(ExtensibilityGlobals) = postSolution
		SolutionGuid = {12C284E4-6541-4F0C-AAD3-6E2912D1A0CF}
	EndGlobalSection
EndGlobal
